
Microsoft Visual Studio Solution File, Format Version 12.00
# Visual Studio Version 17
VisualStudioVersion = 17.11.35222.181
MinimumVisualStudioVersion = 10.0.40219.1
Project("{FAE04EC0-301F-11D3-BF4B-00C04F79EFBC}") = "Project #3", "Project #3\Project #3.csproj", "{96E33963-6585-4A7B-B77A-593B294B02A0}"
EndProject
Global
	GlobalSection(SolutionConfigurationPlatforms) = preSolution
		Debug|Any CPU = Debug|Any CPU
		Release|Any CPU = Release|Any CPU
	EndGlobalSection
	GlobalSection(ProjectConfigurationPlatforms) = postSolution
		{96E33963-6585-4A7B-B77A-593B294B02A0}.Debug|Any CPU.ActiveCfg = Debug|Any CPU
		{96E33963-6585-4A7B-B77A-593B294B02A0}.Debug|Any CPU.Build.0 = Debug|Any CPU
		{96E33963-6585-4A7B-B77A-593B294B02A0}.Release|Any CPU.ActiveCfg = Release|Any CPU
		{96E33963-6585-4A7B-B77A-593B294B02A0}.Release|Any CPU.Build.0 = Release|Any CPU
	EndGlobalSection
	GlobalSection(SolutionProperties) = preSolution
		HideSolutionNode = FALSE
	EndGlobalSection
	GlobalSection(ExtensibilityGlobals) = postSolution
		SolutionGuid = {A072BC8E-C04C-4AEC-8BB9-94F5DEB5692A}
	EndGlobalSection
EndGlobal
